PODS:
  - Flutter (1.0.0)
  - integration_test (0.0.1):
    - Flutter
  - pitch_detector (0.0.1):
    - Flutter

DEPENDENCIES:
  - Flutter (from `Flutter`)
  - integration_test (from `.symlinks/plugins/integration_test/ios`)
  - pitch_detector (from `.symlinks/plugins/pitch_detector/ios`)

EXTERNAL SOURCES:
  Flutter:
    :path: Flutter
  integration_test:
    :path: ".symlinks/plugins/integration_test/ios"
  pitch_detector:
    :path: ".symlinks/plugins/pitch_detector/ios"

SPEC CHECKSUMS:
  Flutter: e0871f40cf51350855a761d2e70bf5af5b9b5de7
  integration_test: 4a889634ef21a45d28d50d622cf412dc6d9f586e
  pitch_detector: c5f2616a07eb0d3f327e3b92976d6a7c592a00db

PODFILE CHECKSUM: 20e260c9bb3f61194c661a4ba028da86e4f3ed96

COCOAPODS: 1.16.2
